// !$*UTF8*$!
{
	archiveVersion = 1;
	classes = {
	};
	objectVersion = 46;
	objects = {

/* Begin PBXBuildFile section */
		9CF4DD8E1C1928B9006DE11D /* main.m in Sources */ = {isa = PBXBuildFile; fileRef = 9CF4DD8D1C1928B9006DE11D /* main.m */; };
		9CF4DD911C1928B9006DE11D /* AppDelegate.m in Sources */ = {isa = PBXBuildFile; fileRef = 9CF4DD901C1928B9006DE11D /* AppDelegate.m */; };
		9CF4DD941C1928B9006DE11D /* ViewController.m in Sources */ = {isa = PBXBuildFile; fileRef = 9CF4DD931C1928B9006DE11D /* ViewController.m */; };
		9CF4DD971C1928B9006DE11D /* Main.storyboard in Resources */ = {isa = PBXBuildFile; fileRef = 9CF4DD951C1928B9006DE11D /* Main.storyboard */; };
		9CF4DD991C1928B9006DE11D /* Assets.xcassets in Resources */ = {isa = PBXBuildFile; fileRef = 9CF4DD981C1928B9006DE11D /* Assets.xcassets */; };
		9CF4DD9C1C1928B9006DE11D /* LaunchScreen.storyboard in Resources */ = {isa = PBXBuildFile; fileRef = 9CF4DD9A1C1928B9006DE11D /* LaunchScreen.storyboard */; };
		9CF4DDA71C1928B9006DE11D /* WebViewAlertDemoTests.m in Sources */ = {isa = PBXBuildFile; fileRef = 9CF4DDA61C1928B9006DE11D /* WebViewAlertDemoTests.m */; };
		9CF4DDB21C1928B9006DE11D /* WebViewAlertDemoUITests.m in Sources */ = {isa = PBXBuildFile; fileRef = 9CF4DDB11C1928B9006DE11D /* WebViewAlertDemoUITests.m */; };
		9CF4DDC91C192C63006DE11D /* UIWebView+JavaScriptAlert.m in Sources */ = {isa = PBXBuildFile; fileRef = 9CF4DDC81C192C63006DE11D /* UIWebView+JavaScriptAlert.m */; };
/* End PBXBuildFile section */

/* Begin PBXContainerItemProxy section */
		9CF4DDA31C1928B9006DE11D /* PBXContainerItemProxy */ = {
			isa = PBXContainerItemProxy;
			containerPortal = 9CF4DD811C1928B8006DE11D /* Project object */;
			proxyType = 1;
			remoteGlobalIDString = 9CF4DD881C1928B8006DE11D;
			remoteInfo = WebViewAlertDemo;
		};
		9CF4DDAE1C1928B9006DE11D /* PBXContainerItemProxy */ = {
			isa = PBXContainerItemProxy;
			containerPortal = 9CF4DD811C1928B8006DE11D /* Project object */;
			proxyType = 1;
			remoteGlobalIDString = 9CF4DD881C1928B8006DE11D;
			remoteInfo = WebViewAlertDemo;
		};
/* End PBXContainerItemProxy section */

/* Begin PBXFileReference section */
		9CF4DD891C1928B9006DE11D /* WebViewAlertDemo.app */ = {isa = PBXFileReference; explicitFileType = wrapper.application; includeInIndex = 0; path = WebViewAlertDemo.app; sourceTree = BUILT_PRODUCTS_DIR; };
		9CF4DD8D1C1928B9006DE11D /* main.m */ = {isa = PBXFileReference; lastKnownFileType = sourcecode.c.objc; path = main.m; sourceTree = "<group>"; };
		9CF4DD8F1C1928B9006DE11D /* AppDelegate.h */ = {isa = PBXFileReference; lastKnownFileType = sourcecode.c.h; path = AppDelegate.h; sourceTree = "<group>"; };
		9CF4DD901C1928B9006DE11D /* AppDelegate.m */ = {isa = PBXFileReference; lastKnownFileType = sourcecode.c.objc; path = AppDelegate.m; sourceTree = "<group>"; };
		9CF4DD921C1928B9006DE11D /* ViewController.h */ = {isa = PBXFileReference; lastKnownFileType = sourcecode.c.h; path = ViewController.h; sourceTree = "<group>"; };
		9CF4DD931C1928B9006DE11D /* ViewController.m */ = {isa = PBXFileReference; lastKnownFileType = sourcecode.c.objc; path = ViewController.m; sourceTree = "<group>"; };
		9CF4DD961C1928B9006DE11D /* Base */ = {isa = PBXFileReference; lastKnownFileType = file.storyboard; name = Base; path = Base.lproj/Main.storyboard; sourceTree = "<group>"; };
		9CF4DD981C1928B9006DE11D /* Assets.xcassets */ = {isa = PBXFileReference; lastKnownFileType = folder.assetcatalog; path = Assets.xcassets; sourceTree = "<group>"; };
		9CF4DD9B1C1928B9006DE11D /* Base */ = {isa = PBXFileReference; lastKnownFileType = file.storyboard; name = Base; path = Base.lproj/LaunchScreen.storyboard; sourceTree = "<group>"; };
		9CF4DD9D1C1928B9006DE11D /* Info.plist */ = {isa = PBXFileReference; lastKnownFileType = text.plist.xml; path = Info.plist; sourceTree = "<group>"; };
		9CF4DDA21C1928B9006DE11D /* WebViewAlertDemoTests.xctest */ = {isa = PBXFileReference; explicitFileType = wrapper.cfbundle; includeInIndex = 0; path = WebViewAlertDemoTests.xctest; sourceTree = BUILT_PRODUCTS_DIR; };
		9CF4DDA61C1928B9006DE11D /* WebViewAlertDemoTests.m */ = {isa = PBXFileReference; lastKnownFileType = sourcecode.c.objc; path = WebViewAlertDemoTests.m; sourceTree = "<group>"; };
		9CF4DDA81C1928B9006DE11D /* Info.plist */ = {isa = PBXFileReference; lastKnownFileType = text.plist.xml; path = Info.plist; sourceTree = "<group>"; };
		9CF4DDAD1C1928B9006DE11D /* WebViewAlertDemoUITests.xctest */ = {isa = PBXFileReference; explicitFileType = wrapper.cfbundle; includeInIndex = 0; path = WebViewAlertDemoUITests.xctest; sourceTree = BUILT_PRODUCTS_DIR; };
		9CF4DDB11C1928B9006DE11D /* WebViewAlertDemoUITests.m */ = {isa = PBXFileReference; lastKnownFileType = sourcecode.c.objc; path = WebViewAlertDemoUITests.m; sourceTree = "<group>"; };
		9CF4DDB31C1928B9006DE11D /* Info.plist */ = {isa = PBXFileReference; lastKnownFileType = text.plist.xml; path = Info.plist; sourceTree = "<group>"; };
		9CF4DDC71C192C63006DE11D /* UIWebView+JavaScriptAlert.h */ = {isa = PBXFileReference; fileEncoding = 4; lastKnownFileType = sourcecode.c.h; path = "UIWebView+JavaScriptAlert.h"; sourceTree = "<group>"; };
		9CF4DDC81C192C63006DE11D /* UIWebView+JavaScriptAlert.m */ = {isa = PBXFileReference; fileEncoding = 4; lastKnownFileType = sourcecode.c.objc; path = "UIWebView+JavaScriptAlert.m"; sourceTree = "<group>"; };
/* End PBXFileReference section */

/* Begin PBXFrameworksBuildPhase section */
		9CF4DD861C1928B8006DE11D /* Frameworks */ = {
			isa = PBXFrameworksBuildPhase;
			buildActionMask = 2147483647;
			files = (
			);
			runOnlyForDeploymentPostprocessing = 0;
		};
		9CF4DD9F1C1928B9006DE11D /* Frameworks */ = {
			isa = PBXFrameworksBuildPhase;
			buildActionMask = 2147483647;
			files = (
			);
			runOnlyForDeploymentPostprocessing = 0;
		};
		9CF4DDAA1C1928B9006DE11D /* Frameworks */ = {
			isa = PBXFrameworksBuildPhase;
			buildActionMask = 2147483647;
			files = (
			);
			runOnlyForDeploymentPostprocessing = 0;
		};
/* End PBXFrameworksBuildPhase section */

/* Begin PBXGroup section */
		9CF4DD801C1928B8006DE11D = {
			isa = PBXGroup;
			children = (
				9CF4DD8B1C1928B9006DE11D /* WebViewAlertDemo */,
				9CF4DDA51C1928B9006DE11D /* WebViewAlertDemoTests */,
				9CF4DDB01C1928B9006DE11D /* WebViewAlertDemoUITests */,
				9CF4DD8A1C1928B9006DE11D /* Products */,
			);
			sourceTree = "<group>";
		};
		9CF4DD8A1C1928B9006DE11D /* Products */ = {
			isa = PBXGroup;
			children = (
				9CF4DD891C1928B9006DE11D /* WebViewAlertDemo.app */,
				9CF4DDA21C1928B9006DE11D /* WebViewAlertDemoTests.xctest */,
				9CF4DDAD1C1928B9006DE11D /* WebViewAlertDemoUITests.xctest */,
			);
			name = Products;
			sourceTree = "<group>";
		};
		9CF4DD8B1C1928B9006DE11D /* WebViewAlertDemo */ = {
			isa = PBXGroup;
			children = (
				9CF4DDC61C192C63006DE11D /* WebViewAlert */,
				9CF4DD8F1C1928B9006DE11D /* AppDelegate.h */,
				9CF4DD901C1928B9006DE11D /* AppDelegate.m */,
				9CF4DD921C1928B9006DE11D /* ViewController.h */,
				9CF4DD931C1928B9006DE11D /* ViewController.m */,
				9CF4DD951C1928B9006DE11D /* Main.storyboard */,
				9CF4DD981C1928B9006DE11D /* Assets.xcassets */,
				9CF4DD9A1C1928B9006DE11D /* LaunchScreen.storyboard */,
				9CF4DD9D1C1928B9006DE11D /* Info.plist */,
				9CF4DD8C1C1928B9006DE11D /* Supporting Files */,
			);
			path = WebViewAlertDemo;
			sourceTree = "<group>";
		};
		9CF4DD8C1C1928B9006DE11D /* Supporting Files */ = {
			isa = PBXGroup;
			children = (
				9CF4DD8D1C1928B9006DE11D /* main.m */,
			);
			name = "Supporting Files";
			sourceTree = "<group>";
		};
		9CF4DDA51C1928B9006DE11D /* WebViewAlertDemoTests */ = {
			isa = PBXGroup;
			children = (
				9CF4DDA61C1928B9006DE11D /* WebViewAlertDemoTests.m */,
				9CF4DDA81C1928B9006DE11D /* Info.plist */,
			);
			path = WebViewAlertDemoTests;
			sourceTree = "<group>";
		};
		9CF4DDB01C1928B9006DE11D /* WebViewAlertDemoUITests */ = {
			isa = PBXGroup;
			children = (
				9CF4DDB11C1928B9006DE11D /* WebViewAlertDemoUITests.m */,
				9CF4DDB31C1928B9006DE11D /* Info.plist */,
			);
			path = WebViewAlertDemoUITests;
			sourceTree = "<group>";
		};
		9CF4DDC61C192C63006DE11D /* WebViewAlert */ = {
			isa = PBXGroup;
			children = (
				9CF4DDC71C192C63006DE11D /* UIWebView+JavaScriptAlert.h */,
				9CF4DDC81C192C63006DE11D /* UIWebView+JavaScriptAlert.m */,
			);
			path = WebViewAlert;
			sourceTree = "<group>";
		};
/* End PBXGroup section */

/* Begin PBXNativeTarget section */
		9CF4DD881C1928B8006DE11D /* WebViewAlertDemo */ = {
			isa = PBXNativeTarget;
			buildConfigurationList = 9CF4DDB61C1928B9006DE11D /* Build configuration list for PBXNativeTarget "WebViewAlertDemo" */;
			buildPhases = (
				9CF4DD851C1928B8006DE11D /* Sources */,
				9CF4DD861C1928B8006DE11D /* Frameworks */,
				9CF4DD871C1928B8006DE11D /* Resources */,
			);
			buildRules = (
			);
			dependencies = (
			);
			name = WebViewAlertDemo;
			productName = WebViewAlertDemo;
			productReference = 9CF4DD891C1928B9006DE11D /* WebViewAlertDemo.app */;
			productType = "com.apple.product-type.application";
		};
		9CF4DDA11C1928B9006DE11D /* WebViewAlertDemoTests */ = {
			isa = PBXNativeTarget;
			buildConfigurationList = 9CF4DDB91C1928B9006DE11D /* Build configuration list for PBXNativeTarget "WebViewAlertDemoTests" */;
			buildPhases = (
				9CF4DD9E1C1928B9006DE11D /* Sources */,
				9CF4DD9F1C1928B9006DE11D /* Frameworks */,
				9CF4DDA01C1928B9006DE11D /* Resources */,
			);
			buildRules = (
			);
			dependencies = (
				9CF4DDA41C1928B9006DE11D /* PBXTargetDependency */,
			);
			name = WebViewAlertDemoTests;
			productName = WebViewAlertDemoTests;
			productReference = 9CF4DDA21C1928B9006DE11D /* WebViewAlertDemoTests.xctest */;
			productType = "com.apple.product-type.bundle.unit-test";
		};
		9CF4DDAC1C1928B9006DE11D /* WebViewAlertDemoUITests */ = {
			isa = PBXNativeTarget;
			buildConfigurationList = 9CF4DDBC1C1928B9006DE11D /* Build configuration list for PBXNativeTarget "WebViewAlertDemoUITests" */;
			buildPhases = (
				9CF4DDA91C1928B9006DE11D /* Sources */,
				9CF4DDAA1C1928B9006DE11D /* Frameworks */,
				9CF4DDAB1C1928B9006DE11D /* Resources */,
			);
			buildRules = (
			);
			dependencies = (
				9CF4DDAF1C1928B9006DE11D /* PBXTargetDependency */,
			);
			name = WebViewAlertDemoUITests;
			productName = WebViewAlertDemoUITests;
			productReference = 9CF4DDAD1C1928B9006DE11D /* WebViewAlertDemoUITests.xctest */;
			productType = "com.apple.product-type.bundle.ui-testing";
		};
/* End PBXNativeTarget section */

/* Begin PBXProject section */
		9CF4DD811C1928B8006DE11D /* Project object */ = {
			isa = PBXProject;
			attributes = {
				LastUpgradeCheck = 0710;
				ORGANIZATIONNAME = WinJayQ;
				TargetAttributes = {
					9CF4DD881C1928B8006DE11D = {
						CreatedOnToolsVersion = 7.1.1;
					};
					9CF4DDA11C1928B9006DE11D = {
						CreatedOnToolsVersion = 7.1.1;
						TestTargetID = 9CF4DD881C1928B8006DE11D;
					};
					9CF4DDAC1C1928B9006DE11D = {
						CreatedOnToolsVersion = 7.1.1;
						TestTargetID = 9CF4DD881C1928B8006DE11D;
					};
				};
			};
			buildConfigurationList = 9CF4DD841C1928B8006DE11D /* Build configuration list for PBXProject "WebViewAlertDemo" */;
			compatibilityVersion = "Xcode 3.2";
			developmentRegion = English;
			hasScannedForEncodings = 0;
			knownRegions = (
				en,
				Base,
			);
			mainGroup = 9CF4DD801C1928B8006DE11D;
			productRefGroup = 9CF4DD8A1C1928B9006DE11D /* Products */;
			projectDirPath = "";
			projectRoot = "";
			targets = (
				9CF4DD881C1928B8006DE11D /* WebViewAlertDemo */,
				9CF4DDA11C1928B9006DE11D /* WebViewAlertDemoTests */,
				9CF4DDAC1C1928B9006DE11D /* WebViewAlertDemoUITests */,
			);
		};
/* End PBXProject section */

/* Begin PBXResourcesBuildPhase section */
		9CF4DD871C1928B8006DE11D /* Resources */ = {
			isa = PBXResourcesBuildPhase;
			buildActionMask = 2147483647;
			files = (
				9CF4DD9C1C1928B9006DE11D /* LaunchScreen.storyboard in Resources */,
				9CF4DD991C1928B9006DE11D /* Assets.xcassets in Resources */,
				9CF4DD971C1928B9006DE11D /* Main.storyboard in Resources */,
			);
			runOnlyForDeploymentPostprocessing = 0;
		};
		9CF4DDA01C1928B9006DE11D /* Resources */ = {
			isa = PBXResourcesBuildPhase;
			buildActionMask = 2147483647;
			files = (
			);
			runOnlyForDeploymentPostprocessing = 0;
		};
		9CF4DDAB1C1928B9006DE11D /* Resources */ = {
			isa = PBXResourcesBuildPhase;
			buildActionMask = 2147483647;
			files = (
			);
			runOnlyForDeploymentPostprocessing = 0;
		};
/* End PBXResourcesBuildPhase section */

/* Begin PBXSourcesBuildPhase section */
		9CF4DD851C1928B8006DE11D /* Sources */ = {
			isa = PBXSourcesBuildPhase;
			buildActionMask = 2147483647;
			files = (
				9CF4DD941C1928B9006DE11D /* ViewController.m in Sources */,
				9CF4DD911C1928B9006DE11D /* AppDelegate.m in Sources */,
				9CF4DD8E1C1928B9006DE11D /* main.m in Sources */,
				9CF4DDC91C192C63006DE11D /* UIWebView+JavaScriptAlert.m in Sources */,
			);
			runOnlyForDeploymentPostprocessing = 0;
		};
		9CF4DD9E1C1928B9006DE11D /* Sources */ = {
			isa = PBXSourcesBuildPhase;
			buildActionMask = 2147483647;
			files = (
				9CF4DDA71C1928B9006DE11D /* WebViewAlertDemoTests.m in Sources */,
			);
			runOnlyForDeploymentPostprocessing = 0;
		};
		9CF4DDA91C1928B9006DE11D /* Sources */ = {
			isa = PBXSourcesBuildPhase;
			buildActionMask = 2147483647;
			files = (
				9CF4DDB21C1928B9006DE11D /* WebViewAlertDemoUITests.m in Sources */,
			);
			runOnlyForDeploymentPostprocessing = 0;
		};
/* End PBXSourcesBuildPhase section */

/* Begin PBXTargetDependency section */
		9CF4DDA41C1928B9006DE11D /* PBXTargetDependency */ = {
			isa = PBXTargetDependency;
			target = 9CF4DD881C1928B8006DE11D /* WebViewAlertDemo */;
			targetProxy = 9CF4DDA31C1928B9006DE11D /* PBXContainerItemProxy */;
		};
		9CF4DDAF1C1928B9006DE11D /* PBXTargetDependency */ = {
			isa = PBXTargetDependency;
			target = 9CF4DD881C1928B8006DE11D /* WebViewAlertDemo */;
			targetProxy = 9CF4DDAE1C1928B9006DE11D /* PBXContainerItemProxy */;
		};
/* End PBXTargetDependency section */

/* Begin PBXVariantGroup section */
		9CF4DD951C1928B9006DE11D /* Main.storyboard */ = {
			isa = PBXVariantGroup;
			children = (
				9CF4DD961C1928B9006DE11D /* Base */,
			);
			name = Main.storyboard;
			sourceTree = "<group>";
		};
		9CF4DD9A1C1928B9006DE11D /* LaunchScreen.storyboard */ = {
			isa = PBXVariantGroup;
			children = (
				9CF4DD9B1C1928B9006DE11D /* Base */,
			);
			name = LaunchScreen.storyboard;
			sourceTree = "<group>";
		};
/* End PBXVariantGroup section */

/* Begin XCBuildConfiguration section */
		9CF4DDB41C1928B9006DE11D /* Debug */ = {
			isa = XCBuildConfiguration;
			buildSettings = {
				ALWAYS_SEARCH_USER_PATHS = NO;
				CLANG_CXX_LANGUAGE_STANDARD = "gnu++0x";
				CLANG_CXX_LIBRARY = "libc++";
				CLANG_ENABLE_MODULES = YES;
				CLANG_ENABLE_OBJC_ARC = YES;
				CLANG_WARN_BOOL_CONVERSION = YES;
				CLANG_WARN_CONSTANT_CONVERSION = YES;
				CLANG_WARN_DIRECT_OBJC_ISA_USAGE = YES_ERROR;
				CLANG_WARN_EMPTY_BODY = YES;
				CLANG_WARN_ENUM_CONVERSION = YES;
				CLANG_WARN_INT_CONVERSION = YES;
				CLANG_WARN_OBJC_ROOT_CLASS = YES_ERROR;
				CLANG_WARN_UNREACHABLE_CODE = YES;
				CLANG_WARN__DUPLICATE_METHOD_MATCH = YES;
				"CODE_SIGN_IDENTITY[sdk=iphoneos*]" = "iPhone Developer";
				COPY_PHASE_STRIP = NO;
				DEBUG_INFORMATION_FORMAT = dwarf;
				ENABLE_STRICT_OBJC_MSGSEND = YES;
				ENABLE_TESTABILITY = YES;
				GCC_C_LANGUAGE_STANDARD = gnu99;
				GCC_DYNAMIC_NO_PIC = NO;
				GCC_NO_COMMON_BLOCKS = YES;
				GCC_OPTIMIZATION_LEVEL = 0;
				GCC_PREPROCESSOR_DEFINITIONS = (
					"DEBUG=1",
					"$(inherited)",
				);
				GCC_WARN_64_TO_32_BIT_CONVERSION = YES;
				GCC_WARN_ABOUT_RETURN_TYPE = YES_ERROR;
				GCC_WARN_UNDECLARED_SELECTOR = YES;
				GCC_WARN_UNINITIALIZED_AUTOS = YES_AGGRESSIVE;
				GCC_WARN_UNUSED_FUNCTION = YES;
				GCC_WARN_UNUSED_VARIABLE = YES;
				IPHONEOS_DEPLOYMENT_TARGET = 9.1;
				MTL_ENABLE_DEBUG_INFO = YES;
				ONLY_ACTIVE_ARCH = YES;
				SDKROOT = iphoneos;
			};
			name = Debug;
		};
		9CF4DDB51C1928B9006DE11D /* Release */ = {
			isa = XCBuildConfiguration;
			buildSettings = {
				ALWAYS_SEARCH_USER_PATHS = NO;
				CLANG_CXX_LANGUAGE_STANDARD = "gnu++0x";
				CLANG_CXX_LIBRARY = "libc++";
				CLANG_ENABLE_MODULES = YES;
				CLANG_ENABLE_OBJC_ARC = YES;
				CLANG_WARN_BOOL_CONVERSION = YES;
				CLANG_WARN_CONSTANT_CONVERSION = YES;
				CLANG_WARN_DIRECT_OBJC_ISA_USAGE = YES_ERROR;
				CLANG_WARN_EMPTY_BODY = YES;
				CLANG_WARN_ENUM_CONVERSION = YES;
				CLANG_WARN_INT_CONVERSION = YES;
				CLANG_WARN_OBJC_ROOT_CLASS = YES_ERROR;
				CLANG_WARN_UNREACHABLE_CODE = YES;
				CLANG_WARN__DUPLICATE_METHOD_MATCH = YES;
				"CODE_SIGN_IDENTITY[sdk=iphoneos*]" = "iPhone Developer";
				COPY_PHASE_STRIP = NO;
				DEBUG_INFORMATION_FORMAT = "dwarf-with-dsym";
				ENABLE_NS_ASSERTIONS = NO;
				ENABLE_STRICT_OBJC_MSGSEND = YES;
				GCC_C_LANGUAGE_STANDARD = gnu99;
				GCC_NO_COMMON_BLOCKS = YES;
				GCC_WARN_64_TO_32_BIT_CONVERSION = YES;
				GCC_WARN_ABOUT_RETURN_TYPE = YES_ERROR;
				GCC_WARN_UNDECLARED_SELECTOR = YES;
				GCC_WARN_UNINITIALIZED_AUTOS = YES_AGGRESSIVE;
				GCC_WARN_UNUSED_FUNCTION = YES;
				GCC_WARN_UNUSED_VARIABLE = YES;
				IPHONEOS_DEPLOYMENT_TARGET = 9.1;
				MTL_ENABLE_DEBUG_INFO = NO;
				SDKROOT = iphoneos;
				VALIDATE_PRODUCT = YES;
			};
			name = Release;
		};
		9CF4DDB71C1928B9006DE11D /* Debug */ = {
			isa = XCBuildConfiguration;
			buildSettings = {
				ASSETCATALOG_COMPILER_APPICON_NAME = AppIcon;
				INFOPLIST_FILE = WebViewAlertDemo/Info.plist;
				LD_RUNPATH_SEARCH_PATHS = "$(inherited) @executable_path/Frameworks";
				PRODUCT_BUNDLE_IDENTIFIER = com.WinJayQ.WebViewAlertDemo;
				PRODUCT_NAME = "$(TARGET_NAME)";
			};
			name = Debug;
		};
		9CF4DDB81C1928B9006DE11D /* Release */ = {
			isa = XCBuildConfiguration;
			buildSettings = {
				ASSETCATALOG_COMPILER_APPICON_NAME = AppIcon;
				INFOPLIST_FILE = WebViewAlertDemo/Info.plist;
				LD_RUNPATH_SEARCH_PATHS = "$(inherited) @executable_path/Frameworks";
				PRODUCT_BUNDLE_IDENTIFIER = com.WinJayQ.WebViewAlertDemo;
				PRODUCT_NAME = "$(TARGET_NAME)";
			};
			name = Release;
		};
		9CF4DDBA1C1928B9006DE11D /* Debug */ = {
			isa = XCBuildConfiguration;
			buildSettings = {
				BUNDLE_LOADER = "$(TEST_HOST)";
				INFOPLIST_FILE = WebViewAlertDemoTests/Info.plist;
				LD_RUNPATH_SEARCH_PATHS = "$(inherited) @executable_path/Frameworks @loader_path/Frameworks";
				PRODUCT_BUNDLE_IDENTIFIER = com.WinJayQ.WebViewAlertDemoTests;
				PRODUCT_NAME = "$(TARGET_NAME)";
				TEST_HOST = "$(BUILT_PRODUCTS_DIR)/WebViewAlertDemo.app/WebViewAlertDemo";
			};
			name = Debug;
		};
		9CF4DDBB1C1928B9006DE11D /* Release */ = {
			isa = XCBuildConfiguration;
			buildSettings = {
				BUNDLE_LOADER = "$(TEST_HOST)";
				INFOPLIST_FILE = WebViewAlertDemoTests/Info.plist;
				LD_RUNPATH_SEARCH_PATHS = "$(inherited) @executable_path/Frameworks @loader_path/Frameworks";
				PRODUCT_BUNDLE_IDENTIFIER = com.WinJayQ.WebViewAlertDemoTests;
				PRODUCT_NAME = "$(TARGET_NAME)";
				TEST_HOST = "$(BUILT_PRODUCTS_DIR)/WebViewAlertDemo.app/WebViewAlertDemo";
			};
			name = Release;
		};
		9CF4DDBD1C1928B9006DE11D /* Debug */ = {
			isa = XCBuildConfiguration;
			buildSettings = {
				INFOPLIST_FILE = WebViewAlertDemoUITests/Info.plist;
				LD_RUNPATH_SEARCH_PATHS = "$(inherited) @executable_path/Frameworks @loader_path/Frameworks";
				PRODUCT_BUNDLE_IDENTIFIER = com.WinJayQ.WebViewAlertDemoUITests;
				PRODUCT_NAME = "$(TARGET_NAME)";
				TEST_TARGET_NAME = WebViewAlertDemo;
				USES_XCTRUNNER = YES;
			};
			name = Debug;
		};
		9CF4DDBE1C1928B9006DE11D /* Release */ = {
			isa = XCBuildConfiguration;
			buildSettings = {
				INFOPLIST_FILE = WebViewAlertDemoUITests/Info.plist;
				LD_RUNPATH_SEARCH_PATHS = "$(inherited) @executable_path/Frameworks @loader_path/Frameworks";
				PRODUCT_BUNDLE_IDENTIFIER = com.WinJayQ.WebViewAlertDemoUITests;
				PRODUCT_NAME = "$(TARGET_NAME)";
				TEST_TARGET_NAME = WebViewAlertDemo;
				USES_XCTRUNNER = YES;
			};
			name = Release;
		};
/* End XCBuildConfiguration section */

/* Begin XCConfigurationList section */
		9CF4DD841C1928B8006DE11D /* Build configuration list for PBXProject "WebViewAlertDemo" */ = {
			isa = XCConfigurationList;
			buildConfigurations = (
				9CF4DDB41C1928B9006DE11D /* Debug */,
				9CF4DDB51C1928B9006DE11D /* Release */,
			);
			defaultConfigurationIsVisible = 0;
			defaultConfigurationName = Release;
		};
		9CF4DDB61C1928B9006DE11D /* Build configuration list for PBXNativeTarget "WebViewAlertDemo" */ = {
			isa = XCConfigurationList;
			buildConfigurations = (
				9CF4DDB71C1928B9006DE11D /* Debug */,
				9CF4DDB81C1928B9006DE11D /* Release */,
			);
			defaultConfigurationIsVisible = 0;
		};
		9CF4DDB91C1928B9006DE11D /* Build configuration list for PBXNativeTarget "WebViewAlertDemoTests" */ = {
			isa = XCConfigurationList;
			buildConfigurations = (
				9CF4DDBA1C1928B9006DE11D /* Debug */,
				9CF4DDBB1C1928B9006DE11D /* Release */,
			);
			defaultConfigurationIsVisible = 0;
		};
		9CF4DDBC1C1928B9006DE11D /* Build configuration list for PBXNativeTarget "WebViewAlertDemoUITests" */ = {
			isa = XCConfigurationList;
			buildConfigurations = (
				9CF4DDBD1C1928B9006DE11D /* Debug */,
				9CF4DDBE1C1928B9006DE11D /* Release */,
			);
			defaultConfigurationIsVisible = 0;
		};
/* End XCConfigurationList section */
	};
	rootObject = 9CF4DD811C1928B8006DE11D /* Project object */;
}
